// !$*UTF8*$!
{
	archiveVersion = 1;
	classes = {
	};
	objectVersion = 46;
	objects = {

/* Begin PBXBuildFile section */
		496AB1C21C442F0800EB564E /* AppDelegate.swift in Sources */ = {isa = PBXBuildFile; fileRef = 496AB1C11C442F0800EB564E /* AppDelegate.swift */; };
		496AB1C41C442F0800EB564E /* ViewController.swift in Sources */ = {isa = PBXBuildFile; fileRef = 496AB1C31C442F0800EB564E /* ViewController.swift */; };
		496AB1C71C442F0800EB564E /* Main.storyboard in Resources */ = {isa = PBXBuildFile; fileRef = 496AB1C51C442F0800EB564E /* Main.storyboard */; };
		496AB1C91C442F0800EB564E /* Assets.xcassets in Resources */ = {isa = PBXBuildFile; fileRef = 496AB1C81C442F0800EB564E /* Assets.xcassets */; };
		496AB1CC1C442F0800EB564E /* LaunchScreen.storyboard in Resources */ = {isa = PBXBuildFile; fileRef = 496AB1CA1C442F0800EB564E /* LaunchScreen.storyboard */; };
		496AB1D71C442F0900EB564E /* CameraTestingTests.swift in Sources */ = {isa = PBXBuildFile; fileRef = 496AB1D61C442F0900EB564E /* CameraTestingTests.swift */; };
		496AB1E21C442F0900EB564E /* CameraTestingUITests.swift in Sources */ = {isa = PBXBuildFile; fileRef = 496AB1E11C442F0900EB564E /* CameraTestingUITests.swift */; };
		496AB1F01C44305400EB564E /* CameraCapture.swift in Sources */ = {isa = PBXBuildFile; fileRef = 496AB1EF1C44305400EB564E /* CameraCapture.swift */; };
		496AB1F21C443D1400EB564E /* beep.wav in Resources */ = {isa = PBXBuildFile; fileRef = 496AB1F11C443D1400EB564E /* beep.wav */; };
		49B246AD1C4E8F730059B5BA /* ImageProcessor.swift in Sources */ = {isa = PBXBuildFile; fileRef = 49B246AC1C4E8F730059B5BA /* ImageProcessor.swift */; };
/* End PBXBuildFile section */

/* Begin PBXContainerItemProxy section */
		496AB1D31C442F0900EB564E /* PBXContainerItemProxy */ = {
			isa = PBXContainerItemProxy;
			containerPortal = 496AB1B61C442F0800EB564E /* Project object */;
			proxyType = 1;
			remoteGlobalIDString = 496AB1BD1C442F0800EB564E;
			remoteInfo = CameraTesting;
		};
		496AB1DE1C442F0900EB564E /* PBXContainerItemProxy */ = {
			isa = PBXContainerItemProxy;
			containerPortal = 496AB1B61C442F0800EB564E /* Project object */;
			proxyType = 1;
			remoteGlobalIDString = 496AB1BD1C442F0800EB564E;
			remoteInfo = CameraTesting;
		};
/* End PBXContainerItemProxy section */

/* Begin PBXFileReference section */
		496AB1BE1C442F0800EB564E /* CameraTesting.app */ = {isa = PBXFileReference; explicitFileType = wrapper.application; includeInIndex = 0; path = CameraTesting.app; sourceTree = BUILT_PRODUCTS_DIR; };
		496AB1C11C442F0800EB564E /* AppDelegate.swift */ = {isa = PBXFileReference; lastKnownFileType = sourcecode.swift; path = AppDelegate.swift; sourceTree = "<group>"; };
		496AB1C31C442F0800EB564E /* ViewController.swift */ = {isa = PBXFileReference; lastKnownFileType = sourcecode.swift; path = ViewController.swift; sourceTree = "<group>"; };
		496AB1C61C442F0800EB564E /* Base */ = {isa = PBXFileReference; lastKnownFileType = file.storyboard; name = Base; path = Base.lproj/Main.storyboard; sourceTree = "<group>"; };
		496AB1C81C442F0800EB564E /* Assets.xcassets */ = {isa = PBXFileReference; lastKnownFileType = folder.assetcatalog; path = Assets.xcassets; sourceTree = "<group>"; };
		496AB1CB1C442F0800EB564E /* Base */ = {isa = PBXFileReference; lastKnownFileType = file.storyboard; name = Base; path = Base.lproj/LaunchScreen.storyboard; sourceTree = "<group>"; };
		496AB1CD1C442F0800EB564E /* Info.plist */ = {isa = PBXFileReference; lastKnownFileType = text.plist.xml; path = Info.plist; sourceTree = "<group>"; };
		496AB1D21C442F0900EB564E /* CameraTestingTests.xctest */ = {isa = PBXFileReference; explicitFileType = wrapper.cfbundle; includeInIndex = 0; path = CameraTestingTests.xctest; sourceTree = BUILT_PRODUCTS_DIR; };
		496AB1D61C442F0900EB564E /* CameraTestingTests.swift */ = {isa = PBXFileReference; lastKnownFileType = sourcecode.swift; path = CameraTestingTests.swift; sourceTree = "<group>"; };
		496AB1D81C442F0900EB564E /* Info.plist */ = {isa = PBXFileReference; lastKnownFileType = text.plist.xml; path = Info.plist; sourceTree = "<group>"; };
		496AB1DD1C442F0900EB564E /* CameraTestingUITests.xctest */ = {isa = PBXFileReference; explicitFileType = wrapper.cfbundle; includeInIndex = 0; path = CameraTestingUITests.xctest; sourceTree = BUILT_PRODUCTS_DIR; };
		496AB1E11C442F0900EB564E /* CameraTestingUITests.swift */ = {isa = PBXFileReference; lastKnownFileType = sourcecode.swift; path = CameraTestingUITests.swift; sourceTree = "<group>"; };
		496AB1E31C442F0900EB564E /* Info.plist */ = {isa = PBXFileReference; lastKnownFileType = text.plist.xml; path = Info.plist; sourceTree = "<group>"; };
		496AB1EF1C44305400EB564E /* CameraCapture.swift */ = {isa = PBXFileReference; fileEncoding = 4; lastKnownFileType = sourcecode.swift; path = CameraCapture.swift; sourceTree = "<group>"; };
		496AB1F11C443D1400EB564E /* beep.wav */ = {isa = PBXFileReference; lastKnownFileType = audio.wav; path = beep.wav; sourceTree = "<group>"; };
		49B246AC1C4E8F730059B5BA /* ImageProcessor.swift */ = {isa = PBXFileReference; fileEncoding = 4; lastKnownFileType = sourcecode.swift; path = ImageProcessor.swift; sourceTree = "<group>"; };
/* End PBXFileReference section */

/* Begin PBXFrameworksBuildPhase section */
		496AB1BB1C442F0800EB564E /* Frameworks */ = {
			isa = PBXFrameworksBuildPhase;
			buildActionMask = 2147483647;
			files = (
			);
			runOnlyForDeploymentPostprocessing = 0;
		};
		496AB1CF1C442F0900EB564E /* Frameworks */ = {
			isa = PBXFrameworksBuildPhase;
			buildActionMask = 2147483647;
			files = (
			);
			runOnlyForDeploymentPostprocessing = 0;
		};
		496AB1DA1C442F0900EB564E /* Frameworks */ = {
			isa = PBXFrameworksBuildPhase;
			buildActionMask = 2147483647;
			files = (
			);
			runOnlyForDeploymentPostprocessing = 0;
		};
/* End PBXFrameworksBuildPhase section */

/* Begin PBXGroup section */
		496AB1B51C442F0800EB564E = {
			isa = PBXGroup;
			children = (
				496AB1C01C442F0800EB564E /* CameraTesting */,
				496AB1D51C442F0900EB564E /* CameraTestingTests */,
				496AB1E01C442F0900EB564E /* CameraTestingUITests */,
				496AB1BF1C442F0800EB564E /* Products */,
			);
			sourceTree = "<group>";
		};
		496AB1BF1C442F0800EB564E /* Products */ = {
			isa = PBXGroup;
			children = (
				496AB1BE1C442F0800EB564E /* CameraTesting.app */,
				496AB1D21C442F0900EB564E /* CameraTestingTests.xctest */,
				496AB1DD1C442F0900EB564E /* CameraTestingUITests.xctest */,
			);
			name = Products;
			sourceTree = "<group>";
		};
		496AB1C01C442F0800EB564E /* CameraTesting */ = {
			isa = PBXGroup;
			children = (
				496AB1C11C442F0800EB564E /* AppDelegate.swift */,
				496AB1EF1C44305400EB564E /* CameraCapture.swift */,
				49B246AC1C4E8F730059B5BA /* ImageProcessor.swift */,
				496AB1C31C442F0800EB564E /* ViewController.swift */,
				496AB1C51C442F0800EB564E /* Main.storyboard */,
				496AB1C81C442F0800EB564E /* Assets.xcassets */,
				496AB1CA1C442F0800EB564E /* LaunchScreen.storyboard */,
				496AB1CD1C442F0800EB564E /* Info.plist */,
				496AB1F11C443D1400EB564E /* beep.wav */,
			);
			path = CameraTesting;
			sourceTree = "<group>";
		};
		496AB1D51C442F0900EB564E /* CameraTestingTests */ = {
			isa = PBXGroup;
			children = (
				496AB1D61C442F0900EB564E /* CameraTestingTests.swift */,
				496AB1D81C442F0900EB564E /* Info.plist */,
			);
			path = CameraTestingTests;
			sourceTree = "<group>";
		};
		496AB1E01C442F0900EB564E /* CameraTestingUITests */ = {
			isa = PBXGroup;
			children = (
				496AB1E11C442F0900EB564E /* CameraTestingUITests.swift */,
				496AB1E31C442F0900EB564E /* Info.plist */,
			);
			path = CameraTestingUITests;
			sourceTree = "<group>";
		};
/* End PBXGroup section */

/* Begin PBXNativeTarget section */
		496AB1BD1C442F0800EB564E /* CameraTesting */ = {
			isa = PBXNativeTarget;
			buildConfigurationList = 496AB1E61C442F0900EB564E /* Build configuration list for PBXNativeTarget "CameraTesting" */;
			buildPhases = (
				496AB1BA1C442F0800EB564E /* Sources */,
				496AB1BB1C442F0800EB564E /* Frameworks */,
				496AB1BC1C442F0800EB564E /* Resources */,
			);
			buildRules = (
			);
			dependencies = (
			);
			name = CameraTesting;
			productName = CameraTesting;
			productReference = 496AB1BE1C442F0800EB564E /* CameraTesting.app */;
			productType = "com.apple.product-type.application";
		};
		496AB1D11C442F0900EB564E /* CameraTestingTests */ = {
			isa = PBXNativeTarget;
			buildConfigurationList = 496AB1E91C442F0900EB564E /* Build configuration list for PBXNativeTarget "CameraTestingTests" */;
			buildPhases = (
				496AB1CE1C442F0900EB564E /* Sources */,
				496AB1CF1C442F0900EB564E /* Frameworks */,
				496AB1D01C442F0900EB564E /* Resources */,
			);
			buildRules = (
			);
			dependencies = (
				496AB1D41C442F0900EB564E /* PBXTargetDependency */,
			);
			name = CameraTestingTests;
			productName = CameraTestingTests;
			productReference = 496AB1D21C442F0900EB564E /* CameraTestingTests.xctest */;
			productType = "com.apple.product-type.bundle.unit-test";
		};
		496AB1DC1C442F0900EB564E /* CameraTestingUITests */ = {
			isa = PBXNativeTarget;
			buildConfigurationList = 496AB1EC1C442F0900EB564E /* Build configuration list for PBXNativeTarget "CameraTestingUITests" */;
			buildPhases = (
				496AB1D91C442F0900EB564E /* Sources */,
				496AB1DA1C442F0900EB564E /* Frameworks */,
				496AB1DB1C442F0900EB564E /* Resources */,
			);
			buildRules = (
			);
			dependencies = (
				496AB1DF1C442F0900EB564E /* PBXTargetDependency */,
			);
			name = CameraTestingUITests;
			productName = CameraTestingUITests;
			productReference = 496AB1DD1C442F0900EB564E /* CameraTestingUITests.xctest */;
			productType = "com.apple.product-type.bundle.ui-testing";
		};
/* End PBXNativeTarget section */

/* Begin PBXProject section */
		496AB1B61C442F0800EB564E /* Project object */ = {
			isa = PBXProject;
			attributes = {
				LastSwiftUpdateCheck = 0720;
				LastUpgradeCheck = 0720;
				ORGANIZATIONNAME = "Cole Smith";
				TargetAttributes = {
					496AB1BD1C442F0800EB564E = {
						CreatedOnToolsVersion = 7.2;
						DevelopmentTeam = 626TEZTB77;
					};
					496AB1D11C442F0900EB564E = {
						CreatedOnToolsVersion = 7.2;
						TestTargetID = 496AB1BD1C442F0800EB564E;
					};
					496AB1DC1C442F0900EB564E = {
						CreatedOnToolsVersion = 7.2;
						TestTargetID = 496AB1BD1C442F0800EB564E;
					};
				};
			};
			buildConfigurationList = 496AB1B91C442F0800EB564E /* Build configuration list for PBXProject "CameraTesting" */;
			compatibilityVersion = "Xcode 3.2";
			developmentRegion = English;
			hasScannedForEncodings = 0;
			knownRegions = (
				en,
				Base,
			);
			mainGroup = 496AB1B51C442F0800EB564E;
			productRefGroup = 496AB1BF1C442F0800EB564E /* Products */;
			projectDirPath = "";
			projectRoot = "";
			targets = (
				496AB1BD1C442F0800EB564E /* CameraTesting */,
				496AB1D11C442F0900EB564E /* CameraTestingTests */,
				496AB1DC1C442F0900EB564E /* CameraTestingUITests */,
			);
		};
/* End PBXProject section */

/* Begin PBXResourcesBuildPhase section */
		496AB1BC1C442F0800EB564E /* Resources */ = {
			isa = PBXResourcesBuildPhase;
			buildActionMask = 2147483647;
			files = (
				496AB1F21C443D1400EB564E /* beep.wav in Resources */,
				496AB1CC1C442F0800EB564E /* LaunchScreen.storyboard in Resources */,
				496AB1C91C442F0800EB564E /* Assets.xcassets in Resources */,
				496AB1C71C442F0800EB564E /* Main.storyboard in Resources */,
			);
			runOnlyForDeploymentPostprocessing = 0;
		};
		496AB1D01C442F0900EB564E /* Resources */ = {
			isa = PBXResourcesBuildPhase;
			buildActionMask = 2147483647;
			files = (
			);
			runOnlyForDeploymentPostprocessing = 0;
		};
		496AB1DB1C442F0900EB564E /* Resources */ = {
			isa = PBXResourcesBuildPhase;
			buildActionMask = 2147483647;
			files = (
			);
			runOnlyForDeploymentPostprocessing = 0;
		};
/* End PBXResourcesBuildPhase section */

/* Begin PBXSourcesBuildPhase section */
		496AB1BA1C442F0800EB564E /* Sources */ = {
			isa = PBXSourcesBuildPhase;
			buildActionMask = 2147483647;
			files = (
				496AB1C41C442F0800EB564E /* ViewController.swift in Sources */,
				496AB1F01C44305400EB564E /* CameraCapture.swift in Sources */,
				49B246AD1C4E8F730059B5BA /* ImageProcessor.swift in Sources */,
				496AB1C21C442F0800EB564E /* AppDelegate.swift in Sources */,
			);
			runOnlyForDeploymentPostprocessing = 0;
		};
		496AB1CE1C442F0900EB564E /* Sources */ = {
			isa = PBXSourcesBuildPhase;
			buildActionMask = 2147483647;
			files = (
				496AB1D71C442F0900EB564E /* CameraTestingTests.swift in Sources */,
			);
			runOnlyForDeploymentPostprocessing = 0;
		};
		496AB1D91C442F0900EB564E /* Sources */ = {
			isa = PBXSourcesBuildPhase;
			buildActionMask = 2147483647;
			files = (
				496AB1E21C442F0900EB564E /* CameraTestingUITests.swift in Sources */,
			);
			runOnlyForDeploymentPostprocessing = 0;
		};
/* End PBXSourcesBuildPhase section */

/* Begin PBXTargetDependency section */
		496AB1D41C442F0900EB564E /* PBXTargetDependency */ = {
			isa = PBXTargetDependency;
			target = 496AB1BD1C442F0800EB564E /* CameraTesting */;
			targetProxy = 496AB1D31C442F0900EB564E /* PBXContainerItemProxy */;
		};
		496AB1DF1C442F0900EB564E /* PBXTargetDependency */ = {
			isa = PBXTargetDependency;
			target = 496AB1BD1C442F0800EB564E /* CameraTesting */;
			targetProxy = 496AB1DE1C442F0900EB564E /* PBXContainerItemProxy */;
		};
/* End PBXTargetDependency section */

/* Begin PBXVariantGroup section */
		496AB1C51C442F0800EB564E /* Main.storyboard */ = {
			isa = PBXVariantGroup;
			children = (
				496AB1C61C442F0800EB564E /* Base */,
			);
			name = Main.storyboard;
			sourceTree = "<group>";
		};
		496AB1CA1C442F0800EB564E /* LaunchScreen.storyboard */ = {
			isa = PBXVariantGroup;
			children = (
				496AB1CB1C442F0800EB564E /* Base */,
			);
			name = LaunchScreen.storyboard;
			sourceTree = "<group>";
		};
/* End PBXVariantGroup section */

/* Begin XCBuildConfiguration section */
		496AB1E41C442F0900EB564E /* Debug */ = {
			isa = XCBuildConfiguration;
			buildSettings = {
				ALWAYS_SEARCH_USER_PATHS = NO;
				CLANG_CXX_LANGUAGE_STANDARD = "gnu++0x";
				CLANG_CXX_LIBRARY = "libc++";
				CLANG_ENABLE_MODULES = YES;
				CLANG_ENABLE_OBJC_ARC = YES;
				CLANG_WARN_BOOL_CONVERSION = YES;
				CLANG_WARN_CONSTANT_CONVERSION = YES;
				CLANG_WARN_DIRECT_OBJC_ISA_USAGE = YES_ERROR;
				CLANG_WARN_EMPTY_BODY = YES;
				CLANG_WARN_ENUM_CONVERSION = YES;
				CLANG_WARN_INT_CONVERSION = YES;
				CLANG_WARN_OBJC_ROOT_CLASS = YES_ERROR;
				CLANG_WARN_UNREACHABLE_CODE = YES;
				CLANG_WARN__DUPLICATE_METHOD_MATCH = YES;
				"CODE_SIGN_IDENTITY[sdk=iphoneos*]" = "iPhone Developer";
				COPY_PHASE_STRIP = NO;
				DEBUG_INFORMATION_FORMAT = dwarf;
				ENABLE_STRICT_OBJC_MSGSEND = YES;
				ENABLE_TESTABILITY = YES;
				GCC_C_LANGUAGE_STANDARD = gnu99;
				GCC_DYNAMIC_NO_PIC = NO;
				GCC_NO_COMMON_BLOCKS = YES;
				GCC_OPTIMIZATION_LEVEL = 0;
				GCC_PREPROCESSOR_DEFINITIONS = (
					"DEBUG=1",
					"$(inherited)",
				);
				GCC_WARN_64_TO_32_BIT_CONVERSION = YES;
				GCC_WARN_ABOUT_RETURN_TYPE = YES_ERROR;
				GCC_WARN_UNDECLARED_SELECTOR = YES;
				GCC_WARN_UNINITIALIZED_AUTOS = YES_AGGRESSIVE;
				GCC_WARN_UNUSED_FUNCTION = YES;
				GCC_WARN_UNUSED_VARIABLE = YES;
				IPHONEOS_DEPLOYMENT_TARGET = 9.2;
				MTL_ENABLE_DEBUG_INFO = YES;
				ONLY_ACTIVE_ARCH = YES;
				SDKROOT = iphoneos;
				SWIFT_OPTIMIZATION_LEVEL = "-Onone";
				TARGETED_DEVICE_FAMILY = "1,2";
			};
			name = Debug;
		};
		496AB1E51C442F0900EB564E /* Release */ = {
			isa = XCBuildConfiguration;
			buildSettings = {
				ALWAYS_SEARCH_USER_PATHS = NO;
				CLANG_CXX_LANGUAGE_STANDARD = "gnu++0x";
				CLANG_CXX_LIBRARY = "libc++";
				CLANG_ENABLE_MODULES = YES;
				CLANG_ENABLE_OBJC_ARC = YES;
				CLANG_WARN_BOOL_CONVERSION = YES;
				CLANG_WARN_CONSTANT_CONVERSION = YES;
				CLANG_WARN_DIRECT_OBJC_ISA_USAGE = YES_ERROR;
				CLANG_WARN_EMPTY_BODY = YES;
				CLANG_WARN_ENUM_CONVERSION = YES;
				CLANG_WARN_INT_CONVERSION = YES;
				CLANG_WARN_OBJC_ROOT_CLASS = YES_ERROR;
				CLANG_WARN_UNREACHABLE_CODE = YES;
				CLANG_WARN__DUPLICATE_METHOD_MATCH = YES;
				"CODE_SIGN_IDENTITY[sdk=iphoneos*]" = "iPhone Developer";
				COPY_PHASE_STRIP = NO;
				DEBUG_INFORMATION_FORMAT = "dwarf-with-dsym";
				ENABLE_NS_ASSERTIONS = NO;
				ENABLE_STRICT_OBJC_MSGSEND = YES;
				GCC_C_LANGUAGE_STANDARD = gnu99;
				GCC_NO_COMMON_BLOCKS = YES;
				GCC_WARN_64_TO_32_BIT_CONVERSION = YES;
				GCC_WARN_ABOUT_RETURN_TYPE = YES_ERROR;
				GCC_WARN_UNDECLARED_SELECTOR = YES;
				GCC_WARN_UNINITIALIZED_AUTOS = YES_AGGRESSIVE;
				GCC_WARN_UNUSED_FUNCTION = YES;
				GCC_WARN_UNUSED_VARIABLE = YES;
				IPHONEOS_DEPLOYMENT_TARGET = 9.2;
				MTL_ENABLE_DEBUG_INFO = NO;
				SDKROOT = iphoneos;
				TARGETED_DEVICE_FAMILY = "1,2";
				VALIDATE_PRODUCT = YES;
			};
			name = Release;
		};
		496AB1E71C442F0900EB564E /* Debug */ = {
			isa = XCBuildConfiguration;
			buildSettings = {
				ASSETCATALOG_COMPILER_APPICON_NAME = AppIcon;
				CODE_SIGN_IDENTITY = "iPhone Developer";
				"CODE_SIGN_IDENTITY[sdk=iphoneos*]" = "iPhone Developer";
				INFOPLIST_FILE = CameraTesting/Info.plist;
				LD_RUNPATH_SEARCH_PATHS = "$(inherited) @executable_path/Frameworks";
				PRODUCT_BUNDLE_IDENTIFIER = csmith.CameraTesting;
				PRODUCT_NAME = "$(TARGET_NAME)";
				PROVISIONING_PROFILE = "";
			};
			name = Debug;
		};
		496AB1E81C442F0900EB564E /* Release */ = {
			isa = XCBuildConfiguration;
			buildSettings = {
				ASSETCATALOG_COMPILER_APPICON_NAME = AppIcon;
				CODE_SIGN_IDENTITY = "iPhone Developer";
				"CODE_SIGN_IDENTITY[sdk=iphoneos*]" = "iPhone Developer";
				INFOPLIST_FILE = CameraTesting/Info.plist;
				LD_RUNPATH_SEARCH_PATHS = "$(inherited) @executable_path/Frameworks";
				PRODUCT_BUNDLE_IDENTIFIER = csmith.CameraTesting;
				PRODUCT_NAME = "$(TARGET_NAME)";
				PROVISIONING_PROFILE = "";
			};
			name = Release;
		};
		496AB1EA1C442F0900EB564E /* Debug */ = {
			isa = XCBuildConfiguration;
			buildSettings = {
				BUNDLE_LOADER = "$(TEST_HOST)";
				INFOPLIST_FILE = CameraTestingTests/Info.plist;
				LD_RUNPATH_SEARCH_PATHS = "$(inherited) @executable_path/Frameworks @loader_path/Frameworks";
				PRODUCT_BUNDLE_IDENTIFIER = csmith.CameraTestingTests;
				PRODUCT_NAME = "$(TARGET_NAME)";
				TEST_HOST = "$(BUILT_PRODUCTS_DIR)/CameraTesting.app/CameraTesting";
			};
			name = Debug;
		};
		496AB1EB1C442F0900EB564E /* Release */ = {
			isa = XCBuildConfiguration;
			buildSettings = {
				BUNDLE_LOADER = "$(TEST_HOST)";
				INFOPLIST_FILE = CameraTestingTests/Info.plist;
				LD_RUNPATH_SEARCH_PATHS = "$(inherited) @executable_path/Frameworks @loader_path/Frameworks";
				PRODUCT_BUNDLE_IDENTIFIER = csmith.CameraTestingTests;
				PRODUCT_NAME = "$(TARGET_NAME)";
				TEST_HOST = "$(BUILT_PRODUCTS_DIR)/CameraTesting.app/CameraTesting";
			};
			name = Release;
		};
		496AB1ED1C442F0900EB564E /* Debug */ = {
			isa = XCBuildConfiguration;
			buildSettings = {
				INFOPLIST_FILE = CameraTestingUITests/Info.plist;
				LD_RUNPATH_SEARCH_PATHS = "$(inherited) @executable_path/Frameworks @loader_path/Frameworks";
				PRODUCT_BUNDLE_IDENTIFIER = csmith.CameraTestingUITests;
				PRODUCT_NAME = "$(TARGET_NAME)";
				TEST_TARGET_NAME = CameraTesting;
				USES_XCTRUNNER = YES;
			};
			name = Debug;
		};
		496AB1EE1C442F0900EB564E /* Release */ = {
			isa = XCBuildConfiguration;
			buildSettings = {
				INFOPLIST_FILE = CameraTestingUITests/Info.plist;
				LD_RUNPATH_SEARCH_PATHS = "$(inherited) @executable_path/Frameworks @loader_path/Frameworks";
				PRODUCT_BUNDLE_IDENTIFIER = csmith.CameraTestingUITests;
				PRODUCT_NAME = "$(TARGET_NAME)";
				TEST_TARGET_NAME = CameraTesting;
				USES_XCTRUNNER = YES;
			};
			name = Release;
		};
/* End XCBuildConfiguration section */

/* Begin XCConfigurationList section */
		496AB1B91C442F0800EB564E /* Build configuration list for PBXProject "CameraTesting" */ = {
			isa = XCConfigurationList;
			buildConfigurations = (
				496AB1E41C442F0900EB564E /* Debug */,
				496AB1E51C442F0900EB564E /* Release */,
			);
			defaultConfigurationIsVisible = 0;
			defaultConfigurationName = Release;
		};
		496AB1E61C442F0900EB564E /* Build configuration list for PBXNativeTarget "CameraTesting" */ = {
			isa = XCConfigurationList;
			buildConfigurations = (
				496AB1E71C442F0900EB564E /* Debug */,
				496AB1E81C442F0900EB564E /* Release */,
			);
			defaultConfigurationIsVisible = 0;
			defaultConfigurationName = Release;
		};
		496AB1E91C442F0900EB564E /* Build configuration list for PBXNativeTarget "CameraTestingTests" */ = {
			isa = XCConfigurationList;
			buildConfigurations = (
				496AB1EA1C442F0900EB564E /* Debug */,
				496AB1EB1C442F0900EB564E /* Release */,
			);
			defaultConfigurationIsVisible = 0;
			defaultConfigurationName = Release;
		};
		496AB1EC1C442F0900EB564E /* Build configuration list for PBXNativeTarget "CameraTestingUITests" */ = {
			isa = XCConfigurationList;
			buildConfigurations = (
				496AB1ED1C442F0900EB564E /* Debug */,
				496AB1EE1C442F0900EB564E /* Release */,
			);
			defaultConfigurationIsVisible = 0;
			defaultConfigurationName = Release;
		};
/* End XCConfigurationList section */
	};
	rootObject = 496AB1B61C442F0800EB564E /* Project object */;
}
