// !$*UTF8*$!
{
	archiveVersion = 1;
	classes = {
	};
	objectVersion = 46;
	objects = {

/* Begin PBXBuildFile section */
		490455BB1D0B0961003E289C /* LightControlViewController.swift in Sources */ = {isa = PBXBuildFile; fileRef = 490455BA1D0B0961003E289C /* LightControlViewController.swift */; };
		491468C21D076E2100440DC3 /* beep.wav in Resources */ = {isa = PBXBuildFile; fileRef = 491468BF1D076E2100440DC3 /* beep.wav */; };
		491468C31D076E2100440DC3 /* CameraCapture.swift in Sources */ = {isa = PBXBuildFile; fileRef = 491468C01D076E2100440DC3 /* CameraCapture.swift */; };
		491468C41D076E2100440DC3 /* ImageProcessor.swift in Sources */ = {isa = PBXBuildFile; fileRef = 491468C11D076E2100440DC3 /* ImageProcessor.swift */; };
		4926FF861D0F0D86007DC2E2 /* MenuTableViewController.swift in Sources */ = {isa = PBXBuildFile; fileRef = 4926FF851D0F0D86007DC2E2 /* MenuTableViewController.swift */; };
		494114C81D0F3B7C0000E7EB /* CoreMedia.framework in Frameworks */ = {isa = PBXBuildFile; fileRef = 494114C71D0F3B7C0000E7EB /* CoreMedia.framework */; };
		494114CA1D0F3B820000E7EB /* CoreVideo.framework in Frameworks */ = {isa = PBXBuildFile; fileRef = 494114C91D0F3B820000E7EB /* CoreVideo.framework */; };
		494114CC1D0F3B880000E7EB /* OpenGLES.framework in Frameworks */ = {isa = PBXBuildFile; fileRef = 494114CB1D0F3B880000E7EB /* OpenGLES.framework */; };
		494114CE1D0F3B900000E7EB /* AVFoundation.framework in Frameworks */ = {isa = PBXBuildFile; fileRef = 494114CD1D0F3B900000E7EB /* AVFoundation.framework */; };
		494114D01D0F3B970000E7EB /* QuartzCore.framework in Frameworks */ = {isa = PBXBuildFile; fileRef = 494114CF1D0F3B970000E7EB /* QuartzCore.framework */; };
		494114D21D0F3C840000E7EB /* GPUImage.framework in Frameworks */ = {isa = PBXBuildFile; fileRef = 494114D11D0F3C840000E7EB /* GPUImage.framework */; };
		49454BEC1D09B24A002C8328 /* LightControlManager.swift in Sources */ = {isa = PBXBuildFile; fileRef = 49454BEB1D09B24A002C8328 /* LightControlManager.swift */; };
		4986DB201D073C63004F2893 /* Lumberjack in Resources */ = {isa = PBXBuildFile; fileRef = 4986DB1F1D073C63004F2893 /* Lumberjack */; };
		49E038361D073A67007A4C56 /* AppDelegate.swift in Sources */ = {isa = PBXBuildFile; fileRef = 49E038351D073A67007A4C56 /* AppDelegate.swift */; };
		49E038381D073A67007A4C56 /* CalibrationViewController.swift in Sources */ = {isa = PBXBuildFile; fileRef = 49E038371D073A67007A4C56 /* CalibrationViewController.swift */; };
		49E0383B1D073A67007A4C56 /* Main.storyboard in Resources */ = {isa = PBXBuildFile; fileRef = 49E038391D073A67007A4C56 /* Main.storyboard */; };
		49E0383D1D073A67007A4C56 /* Assets.xcassets in Resources */ = {isa = PBXBuildFile; fileRef = 49E0383C1D073A67007A4C56 /* Assets.xcassets */; };
		49E038401D073A67007A4C56 /* LaunchScreen.storyboard in Resources */ = {isa = PBXBuildFile; fileRef = 49E0383E1D073A67007A4C56 /* LaunchScreen.storyboard */; };
		49E0384B1D073A67007A4C56 /* Light_Power_MeterTests.swift in Sources */ = {isa = PBXBuildFile; fileRef = 49E0384A1D073A67007A4C56 /* Light_Power_MeterTests.swift */; };
		49E038561D073A67007A4C56 /* Light_Power_MeterUITests.swift in Sources */ = {isa = PBXBuildFile; fileRef = 49E038551D073A67007A4C56 /* Light_Power_MeterUITests.swift */; };
		49F9BA6E1D104986001AD84A /* TestDetectionViewController.swift in Sources */ = {isa = PBXBuildFile; fileRef = 49F9BA6D1D104986001AD84A /* TestDetectionViewController.swift */; };
		49F9BA751D108E05001AD84A /* PositionColor.fsh in Resources */ = {isa = PBXBuildFile; fileRef = 49F9BA731D108E05001AD84A /* PositionColor.fsh */; };
		49F9BA761D108E05001AD84A /* Threshold.fsh in Resources */ = {isa = PBXBuildFile; fileRef = 49F9BA741D108E05001AD84A /* Threshold.fsh */; };
		49F9BA7B1D10A31E001AD84A /* FilterTuningViewController.swift in Sources */ = {isa = PBXBuildFile; fileRef = 49F9BA7A1D10A31E001AD84A /* FilterTuningViewController.swift */; };
		7C2351D5B3F681EBD438B19F /* Pods_Light_Power_Meter.framework in Frameworks */ = {isa = PBXBuildFile; fileRef = D6C2B36FE9FDD5AA95408EBD /* Pods_Light_Power_Meter.framework */; };
/* End PBXBuildFile section */

/* Begin PBXContainerItemProxy section */
		49E038471D073A67007A4C56 /* PBXContainerItemProxy */ = {
			isa = PBXContainerItemProxy;
			containerPortal = 49E0382A1D073A67007A4C56 /* Project object */;
			proxyType = 1;
			remoteGlobalIDString = 49E038311D073A67007A4C56;
			remoteInfo = "Light Power Meter";
		};
		49E038521D073A67007A4C56 /* PBXContainerItemProxy */ = {
			isa = PBXContainerItemProxy;
			containerPortal = 49E0382A1D073A67007A4C56 /* Project object */;
			proxyType = 1;
			remoteGlobalIDString = 49E038311D073A67007A4C56;
			remoteInfo = "Light Power Meter";
		};
/* End PBXContainerItemProxy section */

/* Begin PBXFileReference section */
		490455BA1D0B0961003E289C /* LightControlViewController.swift */ = {isa = PBXFileReference; fileEncoding = 4; lastKnownFileType = sourcecode.swift; path = LightControlViewController.swift; sourceTree = "<group>"; };
		491468BF1D076E2100440DC3 /* beep.wav */ = {isa = PBXFileReference; lastKnownFileType = audio.wav; path = beep.wav; sourceTree = "<group>"; };
		491468C01D076E2100440DC3 /* CameraCapture.swift */ = {isa = PBXFileReference; fileEncoding = 4; lastKnownFileType = sourcecode.swift; path = CameraCapture.swift; sourceTree = "<group>"; };
		491468C11D076E2100440DC3 /* ImageProcessor.swift */ = {isa = PBXFileReference; fileEncoding = 4; lastKnownFileType = sourcecode.swift; path = ImageProcessor.swift; sourceTree = "<group>"; };
		4926FF851D0F0D86007DC2E2 /* MenuTableViewController.swift */ = {isa = PBXFileReference; fileEncoding = 4; lastKnownFileType = sourcecode.swift; path = MenuTableViewController.swift; sourceTree = "<group>"; };
		494114C71D0F3B7C0000E7EB /* CoreMedia.framework */ = {isa = PBXFileReference; lastKnownFileType = wrapper.framework; name = CoreMedia.framework; path = System/Library/Frameworks/CoreMedia.framework; sourceTree = SDKROOT; };
		494114C91D0F3B820000E7EB /* CoreVideo.framework */ = {isa = PBXFileReference; lastKnownFileType = wrapper.framework; name = CoreVideo.framework; path = System/Library/Frameworks/CoreVideo.framework; sourceTree = SDKROOT; };
		494114CB1D0F3B880000E7EB /* OpenGLES.framework */ = {isa = PBXFileReference; lastKnownFileType = wrapper.framework; name = OpenGLES.framework; path = System/Library/Frameworks/OpenGLES.framework; sourceTree = SDKROOT; };
		494114CD1D0F3B900000E7EB /* AVFoundation.framework */ = {isa = PBXFileReference; lastKnownFileType = wrapper.framework; name = AVFoundation.framework; path = System/Library/Frameworks/AVFoundation.framework; sourceTree = SDKROOT; };
		494114CF1D0F3B970000E7EB /* QuartzCore.framework */ = {isa = PBXFileReference; lastKnownFileType = wrapper.framework; name = QuartzCore.framework; path = System/Library/Frameworks/QuartzCore.framework; sourceTree = SDKROOT; };
		494114D11D0F3C840000E7EB /* GPUImage.framework */ = {isa = PBXFileReference; lastKnownFileType = wrapper.framework; name = GPUImage.framework; path = "../../../../Library/Developer/Xcode/DerivedData/Light_Power_Meter-afzhatkhcqvhzvcippmuzwwgrnuu/Build/Products/Debug-iphonesimulator/GPUImage/GPUImage.framework"; sourceTree = "<group>"; };
		49454BEB1D09B24A002C8328 /* LightControlManager.swift */ = {isa = PBXFileReference; fileEncoding = 4; lastKnownFileType = sourcecode.swift; path = LightControlManager.swift; sourceTree = "<group>"; };
		4986DB1D1D073C51004F2893 /* HueSDK_iOS.framework */ = {isa = PBXFileReference; lastKnownFileType = wrapper.framework; path = HueSDK_iOS.framework; sourceTree = "<group>"; };
		4986DB1F1D073C63004F2893 /* Lumberjack */ = {isa = PBXFileReference; lastKnownFileType = folder; path = Lumberjack; sourceTree = "<group>"; };
		4986DB221D073C9B004F2893 /* Light Power Meter-Bridging-Header.h */ = {isa = PBXFileReference; lastKnownFileType = sourcecode.c.h; path = "Light Power Meter-Bridging-Header.h"; sourceTree = "<group>"; };
		4986DB281D075D87004F2893 /* DDAbstractDatabaseLogger.m */ = {isa = PBXFileReference; lastKnownFileType = sourcecode.c.objc; name = DDAbstractDatabaseLogger.m; path = Lumberjack/DDAbstractDatabaseLogger.m; sourceTree = "<group>"; };
		4986DB291D075D87004F2893 /* DDASLLogger.m */ = {isa = PBXFileReference; lastKnownFileType = sourcecode.c.objc; name = DDASLLogger.m; path = Lumberjack/DDASLLogger.m; sourceTree = "<group>"; };
		4986DB2A1D075D87004F2893 /* DDFileLogger.m */ = {isa = PBXFileReference; lastKnownFileType = sourcecode.c.objc; name = DDFileLogger.m; path = Lumberjack/DDFileLogger.m; sourceTree = "<group>"; };
		4986DB2B1D075D87004F2893 /* DDLog.m */ = {isa = PBXFileReference; lastKnownFileType = sourcecode.c.objc; name = DDLog.m; path = Lumberjack/DDLog.m; sourceTree = "<group>"; };
		4986DB2C1D075D87004F2893 /* DDTTYLogger.m */ = {isa = PBXFileReference; lastKnownFileType = sourcecode.c.objc; name = DDTTYLogger.m; path = Lumberjack/DDTTYLogger.m; sourceTree = "<group>"; };
		4986DB321D075DAD004F2893 /* ContextFilterLogFormatter.m */ = {isa = PBXFileReference; lastKnownFileType = sourcecode.c.objc; name = ContextFilterLogFormatter.m; path = Lumberjack/Extensions/ContextFilterLogFormatter.m; sourceTree = "<group>"; };
		4986DB331D075DAD004F2893 /* DispatchQueueLogFormatter.m */ = {isa = PBXFileReference; lastKnownFileType = sourcecode.c.objc; name = DispatchQueueLogFormatter.m; path = Lumberjack/Extensions/DispatchQueueLogFormatter.m; sourceTree = "<group>"; };
		49E038321D073A67007A4C56 /* Light Power Meter.app */ = {isa = PBXFileReference; explicitFileType = wrapper.application; includeInIndex = 0; path = "Light Power Meter.app"; sourceTree = BUILT_PRODUCTS_DIR; };
		49E038351D073A67007A4C56 /* AppDelegate.swift */ = {isa = PBXFileReference; lastKnownFileType = sourcecode.swift; path = AppDelegate.swift; sourceTree = "<group>"; };
		49E038371D073A67007A4C56 /* CalibrationViewController.swift */ = {isa = PBXFileReference; lastKnownFileType = sourcecode.swift; path = CalibrationViewController.swift; sourceTree = "<group>"; };
		49E0383A1D073A67007A4C56 /* Base */ = {isa = PBXFileReference; lastKnownFileType = file.storyboard; name = Base; path = Base.lproj/Main.storyboard; sourceTree = "<group>"; };
		49E0383C1D073A67007A4C56 /* Assets.xcassets */ = {isa = PBXFileReference; lastKnownFileType = folder.assetcatalog; path = Assets.xcassets; sourceTree = "<group>"; };
		49E0383F1D073A67007A4C56 /* Base */ = {isa = PBXFileReference; lastKnownFileType = file.storyboard; name = Base; path = Base.lproj/LaunchScreen.storyboard; sourceTree = "<group>"; };
		49E038411D073A67007A4C56 /* Info.plist */ = {isa = PBXFileReference; lastKnownFileType = text.plist.xml; path = Info.plist; sourceTree = "<group>"; };
		49E038461D073A67007A4C56 /* Light Power MeterTests.xctest */ = {isa = PBXFileReference; explicitFileType = wrapper.cfbundle; includeInIndex = 0; path = "Light Power MeterTests.xctest"; sourceTree = BUILT_PRODUCTS_DIR; };
		49E0384A1D073A67007A4C56 /* Light_Power_MeterTests.swift */ = {isa = PBXFileReference; lastKnownFileType = sourcecode.swift; path = Light_Power_MeterTests.swift; sourceTree = "<group>"; };
		49E0384C1D073A67007A4C56 /* Info.plist */ = {isa = PBXFileReference; lastKnownFileType = text.plist.xml; path = Info.plist; sourceTree = "<group>"; };
		49E038511D073A67007A4C56 /* Light Power MeterUITests.xctest */ = {isa = PBXFileReference; explicitFileType = wrapper.cfbundle; includeInIndex = 0; path = "Light Power MeterUITests.xctest"; sourceTree = BUILT_PRODUCTS_DIR; };
		49E038551D073A67007A4C56 /* Light_Power_MeterUITests.swift */ = {isa = PBXFileReference; lastKnownFileType = sourcecode.swift; path = Light_Power_MeterUITests.swift; sourceTree = "<group>"; };
		49E038571D073A67007A4C56 /* Info.plist */ = {isa = PBXFileReference; lastKnownFileType = text.plist.xml; path = Info.plist; sourceTree = "<group>"; };
		49F9BA6D1D104986001AD84A /* TestDetectionViewController.swift */ = {isa = PBXFileReference; fileEncoding = 4; lastKnownFileType = sourcecode.swift; path = TestDetectionViewController.swift; sourceTree = "<group>"; };
		49F9BA731D108E05001AD84A /* PositionColor.fsh */ = {isa = PBXFileReference; fileEncoding = 4; lastKnownFileType = sourcecode.glsl; path = PositionColor.fsh; sourceTree = "<group>"; };
		49F9BA741D108E05001AD84A /* Threshold.fsh */ = {isa = PBXFileReference; fileEncoding = 4; lastKnownFileType = sourcecode.glsl; path = Threshold.fsh; sourceTree = "<group>"; };
		49F9BA7A1D10A31E001AD84A /* FilterTuningViewController.swift */ = {isa = PBXFileReference; fileEncoding = 4; lastKnownFileType = sourcecode.swift; path = FilterTuningViewController.swift; sourceTree = "<group>"; };
		5B920BE5FB430165CFBF82BB /* Pods-Light Power Meter.debug.xcconfig */ = {isa = PBXFileReference; includeInIndex = 1; lastKnownFileType = text.xcconfig; name = "Pods-Light Power Meter.debug.xcconfig"; path = "Pods/Target Support Files/Pods-Light Power Meter/Pods-Light Power Meter.debug.xcconfig"; sourceTree = "<group>"; };
		6A64EEFBB7E1EF7929405FBB /* Pods-Light Power Meter.release.xcconfig */ = {isa = PBXFileReference; includeInIndex = 1; lastKnownFileType = text.xcconfig; name = "Pods-Light Power Meter.release.xcconfig"; path = "Pods/Target Support Files/Pods-Light Power Meter/Pods-Light Power Meter.release.xcconfig"; sourceTree = "<group>"; };
		D6C2B36FE9FDD5AA95408EBD /* Pods_Light_Power_Meter.framework */ = {isa = PBXFileReference; explicitFileType = wrapper.framework; includeInIndex = 0; path = Pods_Light_Power_Meter.framework; sourceTree = BUILT_PRODUCTS_DIR; };
/* End PBXFileReference section */

/* Begin PBXFrameworksBuildPhase section */
		49E0382F1D073A67007A4C56 /* Frameworks */ = {
			isa = PBXFrameworksBuildPhase;
			buildActionMask = 2147483647;
			files = (
				494114D21D0F3C840000E7EB /* GPUImage.framework in Frameworks */,
				494114D01D0F3B970000E7EB /* QuartzCore.framework in Frameworks */,
				494114CE1D0F3B900000E7EB /* AVFoundation.framework in Frameworks */,
				494114CC1D0F3B880000E7EB /* OpenGLES.framework in Frameworks */,
				494114CA1D0F3B820000E7EB /* CoreVideo.framework in Frameworks */,
				494114C81D0F3B7C0000E7EB /* CoreMedia.framework in Frameworks */,
				7C2351D5B3F681EBD438B19F /* Pods_Light_Power_Meter.framework in Frameworks */,
			);
			runOnlyForDeploymentPostprocessing = 0;
		};
		49E038431D073A67007A4C56 /* Frameworks */ = {
			isa = PBXFrameworksBuildPhase;
			buildActionMask = 2147483647;
			files = (
			);
			runOnlyForDeploymentPostprocessing = 0;
		};
		49E0384E1D073A67007A4C56 /* Frameworks */ = {
			isa = PBXFrameworksBuildPhase;
			buildActionMask = 2147483647;
			files = (
			);
			runOnlyForDeploymentPostprocessing = 0;
		};
/* End PBXFrameworksBuildPhase section */

/* Begin PBXGroup section */
		491468C51D076E4E00440DC3 /* Resources */ = {
			isa = PBXGroup;
			children = (
				49F9BA771D108E19001AD84A /* Shaders */,
				491468BF1D076E2100440DC3 /* beep.wav */,
			);
			name = Resources;
			path = "Light Power Meter";
			sourceTree = "<group>";
		};
		4926FF871D0F1CE7007DC2E2 /* View Controllers */ = {
			isa = PBXGroup;
			children = (
				4926FF851D0F0D86007DC2E2 /* MenuTableViewController.swift */,
				490455BA1D0B0961003E289C /* LightControlViewController.swift */,
				49E038371D073A67007A4C56 /* CalibrationViewController.swift */,
				49F9BA6D1D104986001AD84A /* TestDetectionViewController.swift */,
				49F9BA7A1D10A31E001AD84A /* FilterTuningViewController.swift */,
			);
			name = "View Controllers";
			sourceTree = "<group>";
		};
		4926FF881D0F1CF7007DC2E2 /* Controllers */ = {
			isa = PBXGroup;
			children = (
				49454BEB1D09B24A002C8328 /* LightControlManager.swift */,
				491468C01D076E2100440DC3 /* CameraCapture.swift */,
				491468C11D076E2100440DC3 /* ImageProcessor.swift */,
			);
			name = Controllers;
			sourceTree = "<group>";
		};
		4986DB211D073C6A004F2893 /* HueSDK */ = {
			isa = PBXGroup;
			children = (
				4986DB321D075DAD004F2893 /* ContextFilterLogFormatter.m */,
				4986DB331D075DAD004F2893 /* DispatchQueueLogFormatter.m */,
				4986DB281D075D87004F2893 /* DDAbstractDatabaseLogger.m */,
				4986DB291D075D87004F2893 /* DDASLLogger.m */,
				4986DB2A1D075D87004F2893 /* DDFileLogger.m */,
				4986DB2B1D075D87004F2893 /* DDLog.m */,
				4986DB2C1D075D87004F2893 /* DDTTYLogger.m */,
				4986DB1F1D073C63004F2893 /* Lumberjack */,
				4986DB1D1D073C51004F2893 /* HueSDK_iOS.framework */,
			);
			name = HueSDK;
			path = "Light Power Meter";
			sourceTree = "<group>";
		};
		49E038291D073A67007A4C56 = {
			isa = PBXGroup;
			children = (
				49E038341D073A67007A4C56 /* Light Power Meter */,
				491468C51D076E4E00440DC3 /* Resources */,
				4986DB211D073C6A004F2893 /* HueSDK */,
				49E038491D073A67007A4C56 /* Light Power MeterTests */,
				49E038541D073A67007A4C56 /* Light Power MeterUITests */,
				49E038331D073A67007A4C56 /* Products */,
				A1C137333A6BF3F5D747D70E /* Pods */,
				4D0FE30D51509D9CF24A45B4 /* Frameworks */,
			);
			sourceTree = "<group>";
		};
		49E038331D073A67007A4C56 /* Products */ = {
			isa = PBXGroup;
			children = (
				49E038321D073A67007A4C56 /* Light Power Meter.app */,
				49E038461D073A67007A4C56 /* Light Power MeterTests.xctest */,
				49E038511D073A67007A4C56 /* Light Power MeterUITests.xctest */,
			);
			name = Products;
			sourceTree = "<group>";
		};
		49E038341D073A67007A4C56 /* Light Power Meter */ = {
			isa = PBXGroup;
			children = (
				4986DB221D073C9B004F2893 /* Light Power Meter-Bridging-Header.h */,
				49E038351D073A67007A4C56 /* AppDelegate.swift */,
				4926FF881D0F1CF7007DC2E2 /* Controllers */,
				4926FF871D0F1CE7007DC2E2 /* View Controllers */,
				49E038391D073A67007A4C56 /* Main.storyboard */,
				49E0383C1D073A67007A4C56 /* Assets.xcassets */,
				49E0383E1D073A67007A4C56 /* LaunchScreen.storyboard */,
				49E038411D073A67007A4C56 /* Info.plist */,
			);
			path = "Light Power Meter";
			sourceTree = "<group>";
		};
		49E038491D073A67007A4C56 /* Light Power MeterTests */ = {
			isa = PBXGroup;
			children = (
				49E0384A1D073A67007A4C56 /* Light_Power_MeterTests.swift */,
				49E0384C1D073A67007A4C56 /* Info.plist */,
			);
			path = "Light Power MeterTests";
			sourceTree = "<group>";
		};
		49E038541D073A67007A4C56 /* Light Power MeterUITests */ = {
			isa = PBXGroup;
			children = (
				49E038551D073A67007A4C56 /* Light_Power_MeterUITests.swift */,
				49E038571D073A67007A4C56 /* Info.plist */,
			);
			path = "Light Power MeterUITests";
			sourceTree = "<group>";
		};
		49F9BA771D108E19001AD84A /* Shaders */ = {
			isa = PBXGroup;
			children = (
				49F9BA731D108E05001AD84A /* PositionColor.fsh */,
				49F9BA741D108E05001AD84A /* Threshold.fsh */,
			);
			name = Shaders;
			sourceTree = "<group>";
		};
		4D0FE30D51509D9CF24A45B4 /* Frameworks */ = {
			isa = PBXGroup;
			children = (
				494114D11D0F3C840000E7EB /* GPUImage.framework */,
				494114CF1D0F3B970000E7EB /* QuartzCore.framework */,
				494114CD1D0F3B900000E7EB /* AVFoundation.framework */,
				494114CB1D0F3B880000E7EB /* OpenGLES.framework */,
				494114C91D0F3B820000E7EB /* CoreVideo.framework */,
				494114C71D0F3B7C0000E7EB /* CoreMedia.framework */,
				D6C2B36FE9FDD5AA95408EBD /* Pods_Light_Power_Meter.framework */,
			);
			name = Frameworks;
			sourceTree = "<group>";
		};
		A1C137333A6BF3F5D747D70E /* Pods */ = {
			isa = PBXGroup;
			children = (
				5B920BE5FB430165CFBF82BB /* Pods-Light Power Meter.debug.xcconfig */,
				6A64EEFBB7E1EF7929405FBB /* Pods-Light Power Meter.release.xcconfig */,
			);
			name = Pods;
			sourceTree = "<group>";
		};
/* End PBXGroup section */

/* Begin PBXNativeTarget section */
		49E038311D073A67007A4C56 /* Light Power Meter */ = {
			isa = PBXNativeTarget;
			buildConfigurationList = 49E0385A1D073A67007A4C56 /* Build configuration list for PBXNativeTarget "Light Power Meter" */;
			buildPhases = (
				1718F2AB906B5F847ABA2EDE /* [CP] Check Pods Manifest.lock */,
				49E0382E1D073A67007A4C56 /* Sources */,
				49E0382F1D073A67007A4C56 /* Frameworks */,
				49E038301D073A67007A4C56 /* Resources */,
				2B8383EB0F77440CB56F0C3D /* [CP] Embed Pods Frameworks */,
				64296A7BC412B4A57B0F2E61 /* [CP] Copy Pods Resources */,
			);
			buildRules = (
			);
			dependencies = (
			);
			name = "Light Power Meter";
			productName = "Light Power Meter";
			productReference = 49E038321D073A67007A4C56 /* Light Power Meter.app */;
			productType = "com.apple.product-type.application";
		};
		49E038451D073A67007A4C56 /* Light Power MeterTests */ = {
			isa = PBXNativeTarget;
			buildConfigurationList = 49E0385D1D073A67007A4C56 /* Build configuration list for PBXNativeTarget "Light Power MeterTests" */;
			buildPhases = (
				49E038421D073A67007A4C56 /* Sources */,
				49E038431D073A67007A4C56 /* Frameworks */,
				49E038441D073A67007A4C56 /* Resources */,
			);
			buildRules = (
			);
			dependencies = (
				49E038481D073A67007A4C56 /* PBXTargetDependency */,
			);
			name = "Light Power MeterTests";
			productName = "Light Power MeterTests";
			productReference = 49E038461D073A67007A4C56 /* Light Power MeterTests.xctest */;
			productType = "com.apple.product-type.bundle.unit-test";
		};
		49E038501D073A67007A4C56 /* Light Power MeterUITests */ = {
			isa = PBXNativeTarget;
			buildConfigurationList = 49E038601D073A67007A4C56 /* Build configuration list for PBXNativeTarget "Light Power MeterUITests" */;
			buildPhases = (
				49E0384D1D073A67007A4C56 /* Sources */,
				49E0384E1D073A67007A4C56 /* Frameworks */,
				49E0384F1D073A67007A4C56 /* Resources */,
			);
			buildRules = (
			);
			dependencies = (
				49E038531D073A67007A4C56 /* PBXTargetDependency */,
			);
			name = "Light Power MeterUITests";
			productName = "Light Power MeterUITests";
			productReference = 49E038511D073A67007A4C56 /* Light Power MeterUITests.xctest */;
			productType = "com.apple.product-type.bundle.ui-testing";
		};
/* End PBXNativeTarget section */

/* Begin PBXProject section */
		49E0382A1D073A67007A4C56 /* Project object */ = {
			isa = PBXProject;
			attributes = {
				LastSwiftUpdateCheck = 0730;
				LastUpgradeCheck = 0730;
				ORGANIZATIONNAME = "Cole Smith";
				TargetAttributes = {
					49E038311D073A67007A4C56 = {
						CreatedOnToolsVersion = 7.3.1;
						DevelopmentTeam = 626TEZTB77;
					};
					49E038451D073A67007A4C56 = {
						CreatedOnToolsVersion = 7.3.1;
						TestTargetID = 49E038311D073A67007A4C56;
					};
					49E038501D073A67007A4C56 = {
						CreatedOnToolsVersion = 7.3.1;
						TestTargetID = 49E038311D073A67007A4C56;
					};
				};
			};
			buildConfigurationList = 49E0382D1D073A67007A4C56 /* Build configuration list for PBXProject "Light Power Meter" */;
			compatibilityVersion = "Xcode 3.2";
			developmentRegion = English;
			hasScannedForEncodings = 0;
			knownRegions = (
				en,
				Base,
			);
			mainGroup = 49E038291D073A67007A4C56;
			productRefGroup = 49E038331D073A67007A4C56 /* Products */;
			projectDirPath = "";
			projectRoot = "";
			targets = (
				49E038311D073A67007A4C56 /* Light Power Meter */,
				49E038451D073A67007A4C56 /* Light Power MeterTests */,
				49E038501D073A67007A4C56 /* Light Power MeterUITests */,
			);
		};
/* End PBXProject section */

/* Begin PBXResourcesBuildPhase section */
		49E038301D073A67007A4C56 /* Resources */ = {
			isa = PBXResourcesBuildPhase;
			buildActionMask = 2147483647;
			files = (
				491468C21D076E2100440DC3 /* beep.wav in Resources */,
				49E038401D073A67007A4C56 /* LaunchScreen.storyboard in Resources */,
				49F9BA761D108E05001AD84A /* Threshold.fsh in Resources */,
				49F9BA751D108E05001AD84A /* PositionColor.fsh in Resources */,
				49E0383D1D073A67007A4C56 /* Assets.xcassets in Resources */,
				4986DB201D073C63004F2893 /* Lumberjack in Resources */,
				49E0383B1D073A67007A4C56 /* Main.storyboard in Resources */,
			);
			runOnlyForDeploymentPostprocessing = 0;
		};
		49E038441D073A67007A4C56 /* Resources */ = {
			isa = PBXResourcesBuildPhase;
			buildActionMask = 2147483647;
			files = (
			);
			runOnlyForDeploymentPostprocessing = 0;
		};
		49E0384F1D073A67007A4C56 /* Resources */ = {
			isa = PBXResourcesBuildPhase;
			buildActionMask = 2147483647;
			files = (
			);
			runOnlyForDeploymentPostprocessing = 0;
		};
/* End PBXResourcesBuildPhase section */

/* Begin PBXShellScriptBuildPhase section */
		1718F2AB906B5F847ABA2EDE /* [CP] Check Pods Manifest.lock */ = {
			isa = PBXShellScriptBuildPhase;
			buildActionMask = 2147483647;
			files = (
			);
			inputPaths = (
			);
			name = "[CP] Check Pods Manifest.lock";
			outputPaths = (
			);
			runOnlyForDeploymentPostprocessing = 0;
			shellPath = /bin/sh;
			shellScript = "diff \"${PODS_ROOT}/../Podfile.lock\" \"${PODS_ROOT}/Manifest.lock\" > /dev/null\nif [[ $? != 0 ]] ; then\n    cat << EOM\nerror: The sandbox is not in sync with the Podfile.lock. Run 'pod install' or update your CocoaPods installation.\nEOM\n    exit 1\nfi\n";
			showEnvVarsInLog = 0;
		};
		2B8383EB0F77440CB56F0C3D /* [CP] Embed Pods Frameworks */ = {
			isa = PBXShellScriptBuildPhase;
			buildActionMask = 2147483647;
			files = (
			);
			inputPaths = (
			);
			name = "[CP] Embed Pods Frameworks";
			outputPaths = (
			);
			runOnlyForDeploymentPostprocessing = 0;
			shellPath = /bin/sh;
			shellScript = "\"${SRCROOT}/Pods/Target Support Files/Pods-Light Power Meter/Pods-Light Power Meter-frameworks.sh\"\n";
			showEnvVarsInLog = 0;
		};
		64296A7BC412B4A57B0F2E61 /* [CP] Copy Pods Resources */ = {
			isa = PBXShellScriptBuildPhase;
			buildActionMask = 2147483647;
			files = (
			);
			inputPaths = (
			);
			name = "[CP] Copy Pods Resources";
			outputPaths = (
			);
			runOnlyForDeploymentPostprocessing = 0;
			shellPath = /bin/sh;
			shellScript = "\"${SRCROOT}/Pods/Target Support Files/Pods-Light Power Meter/Pods-Light Power Meter-resources.sh\"\n";
			showEnvVarsInLog = 0;
		};
/* End PBXShellScriptBuildPhase section */

/* Begin PBXSourcesBuildPhase section */
		49E0382E1D073A67007A4C56 /* Sources */ = {
			isa = PBXSourcesBuildPhase;
			buildActionMask = 2147483647;
			files = (
				491468C41D076E2100440DC3 /* ImageProcessor.swift in Sources */,
				4926FF861D0F0D86007DC2E2 /* MenuTableViewController.swift in Sources */,
				490455BB1D0B0961003E289C /* LightControlViewController.swift in Sources */,
				49F9BA6E1D104986001AD84A /* TestDetectionViewController.swift in Sources */,
				491468C31D076E2100440DC3 /* CameraCapture.swift in Sources */,
				49454BEC1D09B24A002C8328 /* LightControlManager.swift in Sources */,
				49E038381D073A67007A4C56 /* CalibrationViewController.swift in Sources */,
				49E038361D073A67007A4C56 /* AppDelegate.swift in Sources */,
				49F9BA7B1D10A31E001AD84A /* FilterTuningViewController.swift in Sources */,
			);
			runOnlyForDeploymentPostprocessing = 0;
		};
		49E038421D073A67007A4C56 /* Sources */ = {
			isa = PBXSourcesBuildPhase;
			buildActionMask = 2147483647;
			files = (
				49E0384B1D073A67007A4C56 /* Light_Power_MeterTests.swift in Sources */,
			);
			runOnlyForDeploymentPostprocessing = 0;
		};
		49E0384D1D073A67007A4C56 /* Sources */ = {
			isa = PBXSourcesBuildPhase;
			buildActionMask = 2147483647;
			files = (
				49E038561D073A67007A4C56 /* Light_Power_MeterUITests.swift in Sources */,
			);
			runOnlyForDeploymentPostprocessing = 0;
		};
/* End PBXSourcesBuildPhase section */

/* Begin PBXTargetDependency section */
		49E038481D073A67007A4C56 /* PBXTargetDependency */ = {
			isa = PBXTargetDependency;
			target = 49E038311D073A67007A4C56 /* Light Power Meter */;
			targetProxy = 49E038471D073A67007A4C56 /* PBXContainerItemProxy */;
		};
		49E038531D073A67007A4C56 /* PBXTargetDependency */ = {
			isa = PBXTargetDependency;
			target = 49E038311D073A67007A4C56 /* Light Power Meter */;
			targetProxy = 49E038521D073A67007A4C56 /* PBXContainerItemProxy */;
		};
/* End PBXTargetDependency section */

/* Begin PBXVariantGroup section */
		49E038391D073A67007A4C56 /* Main.storyboard */ = {
			isa = PBXVariantGroup;
			children = (
				49E0383A1D073A67007A4C56 /* Base */,
			);
			name = Main.storyboard;
			sourceTree = "<group>";
		};
		49E0383E1D073A67007A4C56 /* LaunchScreen.storyboard */ = {
			isa = PBXVariantGroup;
			children = (
				49E0383F1D073A67007A4C56 /* Base */,
			);
			name = LaunchScreen.storyboard;
			sourceTree = "<group>";
		};
/* End PBXVariantGroup section */

/* Begin XCBuildConfiguration section */
		49E038581D073A67007A4C56 /* Debug */ = {
			isa = XCBuildConfiguration;
			buildSettings = {
				ALWAYS_SEARCH_USER_PATHS = NO;
				CLANG_ANALYZER_NONNULL = YES;
				CLANG_CXX_LANGUAGE_STANDARD = "gnu++0x";
				CLANG_CXX_LIBRARY = "libc++";
				CLANG_ENABLE_MODULES = YES;
				CLANG_ENABLE_OBJC_ARC = YES;
				CLANG_WARN_BOOL_CONVERSION = YES;
				CLANG_WARN_CONSTANT_CONVERSION = YES;
				CLANG_WARN_DIRECT_OBJC_ISA_USAGE = YES_ERROR;
				CLANG_WARN_EMPTY_BODY = YES;
				CLANG_WARN_ENUM_CONVERSION = YES;
				CLANG_WARN_INT_CONVERSION = YES;
				CLANG_WARN_OBJC_ROOT_CLASS = YES_ERROR;
				CLANG_WARN_UNREACHABLE_CODE = YES;
				CLANG_WARN__DUPLICATE_METHOD_MATCH = YES;
				"CODE_SIGN_IDENTITY[sdk=iphoneos*]" = "iPhone Developer";
				COPY_PHASE_STRIP = NO;
				DEBUG_INFORMATION_FORMAT = dwarf;
				ENABLE_STRICT_OBJC_MSGSEND = YES;
				ENABLE_TESTABILITY = YES;
				GCC_C_LANGUAGE_STANDARD = gnu99;
				GCC_DYNAMIC_NO_PIC = NO;
				GCC_NO_COMMON_BLOCKS = YES;
				GCC_OPTIMIZATION_LEVEL = 0;
				GCC_PREPROCESSOR_DEFINITIONS = (
					"DEBUG=1",
					"$(inherited)",
				);
				GCC_WARN_64_TO_32_BIT_CONVERSION = YES;
				GCC_WARN_ABOUT_RETURN_TYPE = YES_ERROR;
				GCC_WARN_UNDECLARED_SELECTOR = YES;
				GCC_WARN_UNINITIALIZED_AUTOS = YES_AGGRESSIVE;
				GCC_WARN_UNUSED_FUNCTION = YES;
				GCC_WARN_UNUSED_VARIABLE = YES;
				IPHONEOS_DEPLOYMENT_TARGET = 9.3;
				MTL_ENABLE_DEBUG_INFO = YES;
				ONLY_ACTIVE_ARCH = YES;
				OTHER_LDFLAGS = "-ObjC";
				SDKROOT = iphoneos;
				SWIFT_OPTIMIZATION_LEVEL = "-Onone";
			};
			name = Debug;
		};
		49E038591D073A67007A4C56 /* Release */ = {
			isa = XCBuildConfiguration;
			buildSettings = {
				ALWAYS_SEARCH_USER_PATHS = NO;
				CLANG_ANALYZER_NONNULL = YES;
				CLANG_CXX_LANGUAGE_STANDARD = "gnu++0x";
				CLANG_CXX_LIBRARY = "libc++";
				CLANG_ENABLE_MODULES = YES;
				CLANG_ENABLE_OBJC_ARC = YES;
				CLANG_WARN_BOOL_CONVERSION = YES;
				CLANG_WARN_CONSTANT_CONVERSION = YES;
				CLANG_WARN_DIRECT_OBJC_ISA_USAGE = YES_ERROR;
				CLANG_WARN_EMPTY_BODY = YES;
				CLANG_WARN_ENUM_CONVERSION = YES;
				CLANG_WARN_INT_CONVERSION = YES;
				CLANG_WARN_OBJC_ROOT_CLASS = YES_ERROR;
				CLANG_WARN_UNREACHABLE_CODE = YES;
				CLANG_WARN__DUPLICATE_METHOD_MATCH = YES;
				"CODE_SIGN_IDENTITY[sdk=iphoneos*]" = "iPhone Developer";
				COPY_PHASE_STRIP = NO;
				DEBUG_INFORMATION_FORMAT = "dwarf-with-dsym";
				ENABLE_NS_ASSERTIONS = NO;
				ENABLE_STRICT_OBJC_MSGSEND = YES;
				GCC_C_LANGUAGE_STANDARD = gnu99;
				GCC_NO_COMMON_BLOCKS = YES;
				GCC_WARN_64_TO_32_BIT_CONVERSION = YES;
				GCC_WARN_ABOUT_RETURN_TYPE = YES_ERROR;
				GCC_WARN_UNDECLARED_SELECTOR = YES;
				GCC_WARN_UNINITIALIZED_AUTOS = YES_AGGRESSIVE;
				GCC_WARN_UNUSED_FUNCTION = YES;
				GCC_WARN_UNUSED_VARIABLE = YES;
				IPHONEOS_DEPLOYMENT_TARGET = 9.3;
				MTL_ENABLE_DEBUG_INFO = NO;
				OTHER_LDFLAGS = "-ObjC";
				SDKROOT = iphoneos;
				VALIDATE_PRODUCT = YES;
			};
			name = Release;
		};
		49E0385B1D073A67007A4C56 /* Debug */ = {
			isa = XCBuildConfiguration;
			baseConfigurationReference = 5B920BE5FB430165CFBF82BB /* Pods-Light Power Meter.debug.xcconfig */;
			buildSettings = {
				ASSETCATALOG_COMPILER_APPICON_NAME = AppIcon;
				CLANG_ENABLE_MODULES = YES;
				CODE_SIGN_IDENTITY = "iPhone Developer";
				FRAMEWORK_SEARCH_PATHS = (
					"$(inherited)",
					"${SRCROOT}/**",
					"$(PROJECT_DIR)/Light\\ Power\\ Meter",
				);
				HEADER_SEARCH_PATHS = "${SRCROOT}/**";
				INFOPLIST_FILE = "Light Power Meter/Info.plist";
				LD_RUNPATH_SEARCH_PATHS = "$(inherited) @executable_path/Frameworks";
				OTHER_LDFLAGS = "-ObjC";
				PRODUCT_BUNDLE_IDENTIFIER = "colesmith.Light-Power-Meter";
				PRODUCT_NAME = "$(TARGET_NAME)";
				SWIFT_OBJC_BRIDGING_HEADER = "Light Power Meter/Light Power Meter-Bridging-Header.h";
				SWIFT_OPTIMIZATION_LEVEL = "-Onone";
				VALID_ARCHS = "armv7 armv7s arm64";
			};
			name = Debug;
		};
		49E0385C1D073A67007A4C56 /* Release */ = {
			isa = XCBuildConfiguration;
			baseConfigurationReference = 6A64EEFBB7E1EF7929405FBB /* Pods-Light Power Meter.release.xcconfig */;
			buildSettings = {
				ASSETCATALOG_COMPILER_APPICON_NAME = AppIcon;
				CLANG_ENABLE_MODULES = YES;
				CODE_SIGN_IDENTITY = "iPhone Developer";
				FRAMEWORK_SEARCH_PATHS = (
					"$(inherited)",
					"${SRCROOT}/**",
					"$(PROJECT_DIR)/Light\\ Power\\ Meter",
				);
				HEADER_SEARCH_PATHS = "${SRCROOT}/**";
				INFOPLIST_FILE = "Light Power Meter/Info.plist";
				LD_RUNPATH_SEARCH_PATHS = "$(inherited) @executable_path/Frameworks";
				OTHER_LDFLAGS = "-ObjC";
				PRODUCT_BUNDLE_IDENTIFIER = "colesmith.Light-Power-Meter";
				PRODUCT_NAME = "$(TARGET_NAME)";
				SWIFT_OBJC_BRIDGING_HEADER = "Light Power Meter/Light Power Meter-Bridging-Header.h";
				VALID_ARCHS = "armv7 armv7s arm64";
			};
			name = Release;
		};
		49E0385E1D073A67007A4C56 /* Debug */ = {
			isa = XCBuildConfiguration;
			buildSettings = {
				BUNDLE_LOADER = "$(TEST_HOST)";
				INFOPLIST_FILE = "Light Power MeterTests/Info.plist";
				LD_RUNPATH_SEARCH_PATHS = "$(inherited) @executable_path/Frameworks @loader_path/Frameworks";
				PRODUCT_BUNDLE_IDENTIFIER = "colesmith.Light-Power-MeterTests";
				PRODUCT_NAME = "$(TARGET_NAME)";
				TEST_HOST = "$(BUILT_PRODUCTS_DIR)/Light Power Meter.app/Light Power Meter";
			};
			name = Debug;
		};
		49E0385F1D073A67007A4C56 /* Release */ = {
			isa = XCBuildConfiguration;
			buildSettings = {
				BUNDLE_LOADER = "$(TEST_HOST)";
				INFOPLIST_FILE = "Light Power MeterTests/Info.plist";
				LD_RUNPATH_SEARCH_PATHS = "$(inherited) @executable_path/Frameworks @loader_path/Frameworks";
				PRODUCT_BUNDLE_IDENTIFIER = "colesmith.Light-Power-MeterTests";
				PRODUCT_NAME = "$(TARGET_NAME)";
				TEST_HOST = "$(BUILT_PRODUCTS_DIR)/Light Power Meter.app/Light Power Meter";
			};
			name = Release;
		};
		49E038611D073A67007A4C56 /* Debug */ = {
			isa = XCBuildConfiguration;
			buildSettings = {
				INFOPLIST_FILE = "Light Power MeterUITests/Info.plist";
				LD_RUNPATH_SEARCH_PATHS = "$(inherited) @executable_path/Frameworks @loader_path/Frameworks";
				PRODUCT_BUNDLE_IDENTIFIER = "colesmith.Light-Power-MeterUITests";
				PRODUCT_NAME = "$(TARGET_NAME)";
				TEST_TARGET_NAME = "Light Power Meter";
			};
			name = Debug;
		};
		49E038621D073A67007A4C56 /* Release */ = {
			isa = XCBuildConfiguration;
			buildSettings = {
				INFOPLIST_FILE = "Light Power MeterUITests/Info.plist";
				LD_RUNPATH_SEARCH_PATHS = "$(inherited) @executable_path/Frameworks @loader_path/Frameworks";
				PRODUCT_BUNDLE_IDENTIFIER = "colesmith.Light-Power-MeterUITests";
				PRODUCT_NAME = "$(TARGET_NAME)";
				TEST_TARGET_NAME = "Light Power Meter";
			};
			name = Release;
		};
/* End XCBuildConfiguration section */

/* Begin XCConfigurationList section */
		49E0382D1D073A67007A4C56 /* Build configuration list for PBXProject "Light Power Meter" */ = {
			isa = XCConfigurationList;
			buildConfigurations = (
				49E038581D073A67007A4C56 /* Debug */,
				49E038591D073A67007A4C56 /* Release */,
			);
			defaultConfigurationIsVisible = 0;
			defaultConfigurationName = Release;
		};
		49E0385A1D073A67007A4C56 /* Build configuration list for PBXNativeTarget "Light Power Meter" */ = {
			isa = XCConfigurationList;
			buildConfigurations = (
				49E0385B1D073A67007A4C56 /* Debug */,
				49E0385C1D073A67007A4C56 /* Release */,
			);
			defaultConfigurationIsVisible = 0;
			defaultConfigurationName = Release;
		};
		49E0385D1D073A67007A4C56 /* Build configuration list for PBXNativeTarget "Light Power MeterTests" */ = {
			isa = XCConfigurationList;
			buildConfigurations = (
				49E0385E1D073A67007A4C56 /* Debug */,
				49E0385F1D073A67007A4C56 /* Release */,
			);
			defaultConfigurationIsVisible = 0;
			defaultConfigurationName = Release;
		};
		49E038601D073A67007A4C56 /* Build configuration list for PBXNativeTarget "Light Power MeterUITests" */ = {
			isa = XCConfigurationList;
			buildConfigurations = (
				49E038611D073A67007A4C56 /* Debug */,
				49E038621D073A67007A4C56 /* Release */,
			);
			defaultConfigurationIsVisible = 0;
			defaultConfigurationName = Release;
		};
/* End XCConfigurationList section */
	};
	rootObject = 49E0382A1D073A67007A4C56 /* Project object */;
}
